{
  "nodes": {
    "cachyos-kernel": {
      "flake": false,
      "locked": {
        "lastModified": 1776881435,
        "narHash": "sha256-j8AobLjMzeKJugseObrVC4O5k7/aZCWoft2sCS3jWYs=",
        "owner": "CachyOS",
        "repo": "linux-cachyos",
        "rev": "1c61dfd1c3ad7762faa0db8b06c6af6c59cc4340",
        "type": "github"
      },
      "original": {
        "owner": "CachyOS",
        "repo": "linux-cachyos",
        "type": "github"
      }
    },
    "cachyos-kernel-patches": {
      "flake": false,
      "locked": {
        "lastModified": 1777002108,
        "narHash": "sha256-PIZCIf6xUTOUqLFbEGH0mSwu2O/YfeAmYlgdAbP4dhs=",
        "owner": "CachyOS",
        "repo": "kernel-patches",
        "rev": "46476ae2538db486462aef8a9de37d19030cdaf2",
        "type": "github"
      },
      "original": {
        "owner": "CachyOS",
        "repo": "kernel-patches",
        "type": "github"
      }
    },
    "flake-compat": {
      "locked": {
        "lastModified": 1767039857,
        "narHash": "sha256-vNpUSpF5Nuw8xvDLj2KCwwksIbjua2LZCqhV1LNRDns=",
        "owner": "NixOS",
        "repo": "flake-compat",
        "rev": "5edf11c44bc78a0d334f6334cdaf7d60d732daab",
        "type": "github"
      },
      "original": {
        "owner": "NixOS",
        "repo": "flake-compat",
        "type": "github"
      }
    },
    "flake-file": {
      "locked": {
        "lastModified": 1776202746,
        "narHash": "sha256-RZVtJefKKy3Z2UvKWSbtRF3cUxt/2fHga2adN6MZQ1U=",
        "owner": "vic",
        "repo": "flake-file",
        "rev": "7d16dfaeb912d5efdff0d0eda2aabc0c934168dd",
        "type": "github"
      },
      "original": {
        "owner": "vic",
        "repo": "flake-file",
        "type": "github"
      }
    },
    "flake-parts": {
      "inputs": {
        "nixpkgs-lib": [
          "nixpkgs"
        ]
      },
      "locked": {
        "lastModified": 1775087534,
        "narHash": "sha256-91qqW8lhL7TLwgQWijoGBbiD4t7/q75KTi8NxjVmSmA=",
        "owner": "hercules-ci",
        "repo": "flake-parts",
        "rev": "3107b77cd68437b9a76194f0f7f9c55f2329ca5b",
        "type": "github"
      },
      "original": {
        "owner": "hercules-ci",
        "repo": "flake-parts",
        "type": "github"
      }
    },
    "hjem": {
      "inputs": {
        "nix-darwin": "nix-darwin",
        "nixpkgs": [
          "nixpkgs"
        ]
      },
      "locked": {
        "lastModified": 1777061801,
        "narHash": "sha256-a0O56qWfPEKe0mBKgvcQL5UDpWmon70AKJspHNkEJV8=",
        "owner": "feel-co",
        "repo": "hjem",
        "rev": "35c2158ba101d7b42b05debfcb169ba32dad3bbc",
        "type": "github"
      },
      "original": {
        "owner": "feel-co",
        "repo": "hjem",
        "type": "github"
      }
    },
    "home-manager": {
      "inputs": {
        "nixpkgs": [
          "zen-browser",
          "nixpkgs"
        ]
      },
      "locked": {
        "lastModified": 1773422513,
        "narHash": "sha256-MPjR48roW7CUMU6lu0+qQGqj92Kuh3paIulMWFZy+NQ=",
        "owner": "nix-community",
        "repo": "home-manager",
        "rev": "ef12a9a2b0f77c8fa3dda1e7e494fca668909056",
        "type": "github"
      },
      "original": {
        "owner": "nix-community",
        "repo": "home-manager",
        "type": "github"
      }
    },
    "lan-mouse": {
      "inputs": {
        "nixpkgs": [
          "nixpkgs"
        ],
        "rust-overlay": [
          "rust-overlay"
        ]
      },
      "locked": {
        "lastModified": 1775729061,
        "narHash": "sha256-3MotJ2seD7IXvyGpvBhzgEbERBHrWxeCrtGtOcdjEGQ=",
        "owner": "feschber",
        "repo": "lan-mouse",
        "rev": "a878c985f0633a12b00a363883fd56385c2368e7",
        "type": "github"
      },
      "original": {
        "owner": "feschber",
        "repo": "lan-mouse",
        "type": "github"
      }
    },
    "niri": {
      "inputs": {
        "nixpkgs": [
          "nixpkgs"
        ],
        "rust-overlay": [
          "rust-overlay"
        ]
      },
      "locked": {
        "lastModified": 1772859808,
        "narHash": "sha256-BGkE/cPqXdlUR/02i2EghrbyWfpoC61z5vmbWDDM9uY=",
        "owner": "niri-wm",
        "repo": "niri",
        "rev": "b82d52705e1424cf47b26dd7b096832901c31f56",
        "type": "github"
      },
      "original": {
        "owner": "niri-wm",
        "repo": "niri",
        "rev": "b82d52705e1424cf47b26dd7b096832901c31f56",
        "type": "github"
      }
    },
    "nix-cachyos-kernel": {
      "inputs": {
        "cachyos-kernel": "cachyos-kernel",
        "cachyos-kernel-patches": "cachyos-kernel-patches",
        "flake-compat": [
          "flake-compat"
        ],
        "flake-parts": [
          "flake-parts"
        ],
        "nixpkgs": "nixpkgs"
      },
      "locked": {
        "lastModified": 1777227006,
        "narHash": "sha256-A7GcOXjfo2xmZ3ERgN0j6GcqaVzqIf5zpYQcdfDaMr0=",
        "owner": "xddxdd",
        "repo": "nix-cachyos-kernel",
        "rev": "0f7e2bea4088227a80502557f6c0e3b74949d6b5",
        "type": "github"
      },
      "original": {
        "owner": "xddxdd",
        "ref": "release",
        "repo": "nix-cachyos-kernel",
        "type": "github"
      }
    },
    "nix-darwin": {
      "inputs": {
        "nixpkgs": [
          "hjem",
          "nixpkgs"
        ]
      },
      "locked": {
        "lastModified": 1775037210,
        "narHash": "sha256-KM2WYj6EA7M/FVZVCl3rqWY+TFV5QzSyyGE2gQxeODU=",
        "owner": "nix-darwin",
        "repo": "nix-darwin",
        "rev": "06648f4902343228ce2de79f291dd5a58ee12146",
        "type": "github"
      },
      "original": {
        "owner": "nix-darwin",
        "repo": "nix-darwin",
        "type": "github"
      }
    },
    "nix-index-database": {
      "inputs": {
        "nixpkgs": [
          "nixpkgs"
        ]
      },
      "locked": {
        "lastModified": 1777181277,
        "narHash": "sha256-yVJbd07ortDRAttDFmDV5p220aOLTHgVAx//0nW/xW8=",
        "owner": "nix-community",
        "repo": "nix-index-database",
        "rev": "b8eb7acee0f7604fe1bf6a5b3dcf5254369180fa",
        "type": "github"
      },
      "original": {
        "owner": "nix-community",
        "repo": "nix-index-database",
        "type": "github"
      }
    },
    "nixpkgs": {
      "locked": {
        "lastModified": 1777187199,
        "narHash": "sha256-RJlLGrl+xHndIVK1NbPkIsItePNB3X4PIe8UTk3AHnw=",
        "owner": "NixOS",
        "repo": "nixpkgs",
        "rev": "facea5e538604efa4893c08770fe9fca5bf62c2f",
        "type": "github"
      },
      "original": {
        "owner": "NixOS",
        "ref": "nixos-unstable-small",
        "repo": "nixpkgs",
        "type": "github"
      }
    },
    "nixpkgs_2": {
      "locked": {
        "lastModified": 1776877367,
        "narHash": "sha256-wMN1gM00sUQ2KC9CNr/XEOGdfOrl67PabIRv9AYayTo=",
        "rev": "0726a0ecb6d4e08f6adced58726b95db924cef57",
        "type": "tarball",
        "url": "https://releases.nixos.org/nixos/unstable/nixos-26.05pre985613.0726a0ecb6d4/nixexprs.tar.xz"
      },
      "original": {
        "type": "tarball",
        "url": "https://channels.nixos.org/nixos-unstable/nixexprs.tar.xz"
      }
    },
    "nixpkgs_3": {
      "locked": {
        "lastModified": 1774709303,
        "narHash": "sha256-D4ely1FsBcvtj/qSrNhSWpq+CUZKNiKwJIxpxnfy9o4=",
        "rev": "8110df5ad7abf5d4c0f6fb0f8f978390e77f9685",
        "type": "tarball",
        "url": "https://releases.nixos.org/nixos/unstable/nixos-26.05pre971119.8110df5ad7ab/nixexprs.tar.xz"
      },
      "original": {
        "type": "tarball",
        "url": "https://channels.nixos.org/nixos-unstable/nixexprs.tar.xz"
      }
    },
    "nixvim": {
      "inputs": {
        "flake-parts": [
          "vimmax",
          "flake-parts"
        ],
        "nixpkgs": [
          "vimmax",
          "nixpkgs"
        ],
        "systems": [
          "vimmax",
          "systems"
        ]
      },
      "locked": {
        "lastModified": 1774802402,
        "narHash": "sha256-L1UJ/zxKTyyaGGmytH6OYlgQ0HGSMhvPkvU+iz4Mkb8=",
        "owner": "nix-community",
        "repo": "nixvim",
        "rev": "cbd8536a05d1aae2593cb5c9ace1010c8c5845cb",
        "type": "github"
      },
      "original": {
        "owner": "nix-community",
        "repo": "nixvim",
        "type": "github"
      }
    },
    "qml-niri": {
      "inputs": {
        "flake-parts": [
          "flake-parts"
        ],
        "nixpkgs": [
          "nixpkgs"
        ],
        "quickshell": [
          "quickshell"
        ],
        "treefmt-nix": [
          "treefmt-nix"
        ]
      },
      "locked": {
        "lastModified": 1775384967,
        "narHash": "sha256-5JuFsu0tPEZrHhj/d5C7eP0+FSLNi9hTW5h/17N3Mbk=",
        "owner": "imiric",
        "repo": "qml-niri",
        "rev": "2d60eb204aa7a9704b7f5cf228b85fb19acbbcee",
        "type": "github"
      },
      "original": {
        "owner": "imiric",
        "ref": "main",
        "repo": "qml-niri",
        "type": "github"
      }
    },
    "quickshell": {
      "inputs": {
        "nixpkgs": [
          "nixpkgs"
        ]
      },
      "locked": {
        "lastModified": 1777282719,
        "narHash": "sha256-TPpqjcrxZT3qxwzwXa/hOxwWodmoKllcf4SzhrzbWLQ=",
        "owner": "quickshell-mirror",
        "repo": "quickshell",
        "rev": "0d61473580fb93005371becf78b08fff3eed94fd",
        "type": "github"
      },
      "original": {
        "owner": "quickshell-mirror",
        "repo": "quickshell",
        "type": "github"
      }
    },
    "root": {
      "inputs": {
        "flake-compat": "flake-compat",
        "flake-file": "flake-file",
        "flake-parts": "flake-parts",
        "hjem": "hjem",
        "lan-mouse": "lan-mouse",
        "niri": "niri",
        "nix-cachyos-kernel": "nix-cachyos-kernel",
        "nix-index-database": "nix-index-database",
        "nixpkgs": "nixpkgs_2",
        "qml-niri": "qml-niri",
        "quickshell": "quickshell",
        "rust-overlay": "rust-overlay",
        "sops-nix": "sops-nix",
        "spicetify-nix": "spicetify-nix",
        "systems": "systems",
        "treefmt-nix": "treefmt-nix",
        "vicinae": "vicinae",
        "vicinae-extensions": "vicinae-extensions",
        "vimmax": "vimmax",
        "wrappers": "wrappers",
        "zen-browser": "zen-browser",
        "zen-theme-store": "zen-theme-store"
      }
    },
    "rust-overlay": {
      "inputs": {
        "nixpkgs": [
          "nixpkgs"
        ]
      },
      "locked": {
        "lastModified": 1777259803,
        "narHash": "sha256-fIb/EoVu/1U0qVrE6qZCJ2WCfprRpywNIAVzKEACIQc=",
        "owner": "oxalica",
        "repo": "rust-overlay",
        "rev": "a6cb2224d975e16b5e67de688c6ad306f7203425",
        "type": "github"
      },
      "original": {
        "owner": "oxalica",
        "repo": "rust-overlay",
        "type": "github"
      }
    },
    "sops-nix": {
      "inputs": {
        "nixpkgs": [
          "nixpkgs"
        ]
      },
      "locked": {
        "lastModified": 1776771786,
        "narHash": "sha256-DRFGPfFV6hbrfO9a1PH1FkCi7qR5FgjSqsQGGvk1rdI=",
        "owner": "Mic92",
        "repo": "sops-nix",
        "rev": "bef289e2248991f7afeb95965c82fbcd8ff72598",
        "type": "github"
      },
      "original": {
        "owner": "Mic92",
        "repo": "sops-nix",
        "type": "github"
      }
    },
    "spicetify-nix": {
      "inputs": {
        "nixpkgs": [
          "nixpkgs"
        ],
        "systems": [
          "systems"
        ]
      },
      "locked": {
        "lastModified": 1777183994,
        "narHash": "sha256-zahis/vVFOsWv/HeyHbU13jxnrCC+ppIg49xG+viWxg=",
        "owner": "Gerg-L",
        "repo": "spicetify-nix",
        "rev": "501256c3e670ca1679501ce3839ea805df00d8ba",
        "type": "github"
      },
      "original": {
        "owner": "Gerg-L",
        "repo": "spicetify-nix",
        "type": "github"
      }
    },
    "systems": {
      "locked": {
        "lastModified": 1680978846,
        "narHash": "sha256-Gtqg8b/v49BFDpDetjclCYXm8mAnTrUzR0JnE2nv5aw=",
        "owner": "nix-systems",
        "repo": "x86_64-linux",
        "rev": "2ecfcac5e15790ba6ce360ceccddb15ad16d08a8",
        "type": "github"
      },
      "original": {
        "owner": "nix-systems",
        "repo": "x86_64-linux",
        "type": "github"
      }
    },
    "treefmt-nix": {
      "inputs": {
        "nixpkgs": [
          "nixpkgs"
        ]
      },
      "locked": {
        "lastModified": 1775636079,
        "narHash": "sha256-pc20NRoMdiar8oPQceQT47UUZMBTiMdUuWrYu2obUP0=",
        "owner": "numtide",
        "repo": "treefmt-nix",
        "rev": "790751ff7fd3801feeaf96d7dc416a8d581265ba",
        "type": "github"
      },
      "original": {
        "owner": "numtide",
        "repo": "treefmt-nix",
        "type": "github"
      }
    },
    "vicinae": {
      "inputs": {
        "nixpkgs": [
          "nixpkgs"
        ],
        "systems": [
          "systems"
        ]
      },
      "locked": {
        "lastModified": 1777243295,
        "narHash": "sha256-93BwU2DfV4UJVRHTOzG30UmRvS10yUVJXi6uPc0WxLY=",
        "owner": "vicinaehq",
        "repo": "vicinae",
        "rev": "b3e11a9654656d63f09cfabeb7f7330f32fc851b",
        "type": "github"
      },
      "original": {
        "owner": "vicinaehq",
        "repo": "vicinae",
        "type": "github"
      }
    },
    "vicinae-extensions": {
      "inputs": {
        "flake-compat": [
          "flake-compat"
        ],
        "nixpkgs": [
          "nixpkgs"
        ],
        "systems": [
          "systems"
        ],
        "vicinae": [
          "vicinae"
        ]
      },
      "locked": {
        "lastModified": 1777139402,
        "narHash": "sha256-NfO+rYviCA6Nr3B/qEHpjM+9KRal61PmLKyOtrJPP2g=",
        "owner": "vicinaehq",
        "repo": "extensions",
        "rev": "bedd4c9f180ca2c83bb73a4474fb41194bc23873",
        "type": "github"
      },
      "original": {
        "owner": "vicinaehq",
        "repo": "extensions",
        "type": "github"
      }
    },
    "vimmax": {
      "inputs": {
        "flake-parts": [
          "flake-parts"
        ],
        "nixpkgs": "nixpkgs_3",
        "nixvim": "nixvim",
        "systems": [
          "systems"
        ]
      },
      "locked": {
        "lastModified": 1777318374,
        "narHash": "sha256-Uz5wDefdR2BJopEdfmZqIVh29daPLCl4z5+Q8mDe2iU=",
        "owner": "onelocked",
        "repo": "vimmax",
        "rev": "8bcde8972acf9fdb9bd398a66e81774a5d6616e4",
        "type": "github"
      },
      "original": {
        "owner": "onelocked",
        "repo": "vimmax",
        "type": "github"
      }
    },
    "wrappers": {
      "inputs": {
        "nixpkgs": [
          "nixpkgs"
        ]
      },
      "locked": {
        "lastModified": 1777158145,
        "narHash": "sha256-xYXjoA5+9aDu/A4Og/89JF8n41b7vca9av1ecyR6dgo=",
        "owner": "BirdeeHub",
        "repo": "nix-wrapper-modules",
        "rev": "fd6d1dc5fdfb1aa39c355f4da36773a972a35721",
        "type": "github"
      },
      "original": {
        "owner": "BirdeeHub",
        "repo": "nix-wrapper-modules",
        "type": "github"
      }
    },
    "zen-browser": {
      "inputs": {
        "home-manager": "home-manager",
        "nixpkgs": [
          "nixpkgs"
        ]
      },
      "locked": {
        "lastModified": 1773566230,
        "narHash": "sha256-PtSsDdJaTCpTaInRz4jeQqMLt2CvOOX4KfNICXjigg8=",
        "owner": "0xc000022070",
        "repo": "zen-browser-flake",
        "rev": "e272c7d4a4e6c99fbc164f38ade789c8103f8c0f",
        "type": "github"
      },
      "original": {
        "owner": "0xc000022070",
        "repo": "zen-browser-flake",
        "rev": "e272c7d4a4e6c99fbc164f38ade789c8103f8c0f",
        "type": "github"
      }
    },
    "zen-theme-store": {
      "flake": false,
      "locked": {
        "lastModified": 1773250467,
        "narHash": "sha256-Vq0AboLzase+tTZ1Erf2cKpF55cm3eHNuXmmQuOknvw=",
        "owner": "zen-browser",
        "repo": "theme-store",
        "rev": "7173dba5d060417fd65764b706856ae609496e31",
        "type": "github"
      },
      "original": {
        "owner": "zen-browser",
        "repo": "theme-store",
        "type": "github"
      }
    }
  },
  "root": "root",
  "version": 7
}
